
Microsoft Visual Studio Solution File, Format Version 12.00
# Visual Studio Version 16
VisualStudioVersion = 16.0.31624.102
MinimumVisualStudioVersion = 10.0.40219.1
Project("{9A19103F-16F7-4668-BE54-9A1E7A4F7556}") = "WebAPI", "WebAPI\WebAPI.csproj", "{116CCD01-7649-4F4C-ABBA-1194A15049A9}"
EndProject
Project("{9A19103F-16F7-4668-BE54-9A1E7A4F7556}") = "DAL", "DAL\DAL.csproj", "{2E5E95D8-D50A-4251-A9E9-C05ED11D3931}"
EndProject
Project("{9A19103F-16F7-4668-BE54-9A1E7A4F7556}") = "BAL", "BAL\BAL.csproj", "{AA30C5C9-9403-4148-9FBC-6FCC0F358D98}"
EndProject
Project("{2150E333-8FDC-42A3-9474-1A3956D46DE8}") = "Solution Items", "Solution Items", "{F4053298-BE51-4CF9-8381-49BD5D4B928B}"
	ProjectSection(SolutionItems) = preProject
		note.txt = note.txt
	EndProjectSection
EndProject
Project("{9A19103F-16F7-4668-BE54-9A1E7A4F7556}") = "RND", "RND\RND.csproj", "{B7CF29C2-FB21-4E50-9420-9CC4821E815F}"
EndProject
Project("{FAE04EC0-301F-11D3-BF4B-00C04F79EFBC}") = "UnitTest", "UnitTest\UnitTest.csproj", "{A3BB85E6-D681-415E-8854-8FCBA72B7CD1}"
EndProject
Global
	GlobalSection(SolutionConfigurationPlatforms) = preSolution
		Debug|Any CPU = Debug|Any CPU
		Release|Any CPU = Release|Any CPU
	EndGlobalSection
	GlobalSection(ProjectConfigurationPlatforms) = postSolution
		{116CCD01-7649-4F4C-ABBA-1194A15049A9}.Debug|Any CPU.ActiveCfg = Debug|Any CPU
		{116CCD01-7649-4F4C-ABBA-1194A15049A9}.Debug|Any CPU.Build.0 = Debug|Any CPU
		{116CCD01-7649-4F4C-ABBA-1194A15049A9}.Release|Any CPU.ActiveCfg = Release|Any CPU
		{116CCD01-7649-4F4C-ABBA-1194A15049A9}.Release|Any CPU.Build.0 = Release|Any CPU
		{2E5E95D8-D50A-4251-A9E9-C05ED11D3931}.Debug|Any CPU.ActiveCfg = Debug|Any CPU
		{2E5E95D8-D50A-4251-A9E9-C05ED11D3931}.Debug|Any CPU.Build.0 = Debug|Any CPU
		{2E5E95D8-D50A-4251-A9E9-C05ED11D3931}.Release|Any CPU.ActiveCfg = Release|Any CPU
		{2E5E95D8-D50A-4251-A9E9-C05ED11D3931}.Release|Any CPU.Build.0 = Release|Any CPU
		{AA30C5C9-9403-4148-9FBC-6FCC0F358D98}.Debug|Any CPU.ActiveCfg = Debug|Any CPU
		{AA30C5C9-9403-4148-9FBC-6FCC0F358D98}.Debug|Any CPU.Build.0 = Debug|Any CPU
		{AA30C5C9-9403-4148-9FBC-6FCC0F358D98}.Release|Any CPU.ActiveCfg = Release|Any CPU
		{AA30C5C9-9403-4148-9FBC-6FCC0F358D98}.Release|Any CPU.Build.0 = Release|Any CPU
		{B7CF29C2-FB21-4E50-9420-9CC4821E815F}.Debug|Any CPU.ActiveCfg = Debug|Any CPU
		{B7CF29C2-FB21-4E50-9420-9CC4821E815F}.Debug|Any CPU.Build.0 = Debug|Any CPU
		{B7CF29C2-FB21-4E50-9420-9CC4821E815F}.Release|Any CPU.ActiveCfg = Release|Any CPU
		{B7CF29C2-FB21-4E50-9420-9CC4821E815F}.Release|Any CPU.Build.0 = Release|Any CPU
		{A3BB85E6-D681-415E-8854-8FCBA72B7CD1}.Debug|Any CPU.ActiveCfg = Debug|Any CPU
		{A3BB85E6-D681-415E-8854-8FCBA72B7CD1}.Debug|Any CPU.Build.0 = Debug|Any CPU
		{A3BB85E6-D681-415E-8854-8FCBA72B7CD1}.Release|Any CPU.ActiveCfg = Release|Any CPU
		{A3BB85E6-D681-415E-8854-8FCBA72B7CD1}.Release|Any CPU.Build.0 = Release|Any CPU
	EndGlobalSection
	GlobalSection(SolutionProperties) = preSolution
		HideSolutionNode = FALSE
	EndGlobalSection
	GlobalSection(ExtensibilityGlobals) = postSolution
		SolutionGuid = {5A539068-4935-4411-923A-1E8355F8C632}
	EndGlobalSection
EndGlobal
